{
  "name": "svelte-vscode-problem",
  "version": "1.0.0",
  "lockfileVersion": 1,
  "requires": true,
  "dependencies": {
    "typescript": {
      "version": "4.2.4",
      "resolved": "https://registry.npmjs.org/typescript/-/typescript-4.2.4.tgz",
      "integrity": "sha512-V+evlYHZnQkaz8TRBuxTA92yZBPotr5H+WhQ7bD3hZUndx5tGOa1fuCgeSjxAzM1RiN5IzvadIXTVefuuwZCRg=="
    },
    "zod": {
      "version": "3.1.0",
      "resolved": "https://registry.npmjs.org/zod/-/zod-3.1.0.tgz",
      "integrity": "sha512-qS0an8oo9EvVLVqIVxMZrQrfR2pVwBtlPp+BzTB/F19IyPTRaLLoFfdXRzgh626pxFR1efuTWV8bPoEE58KwqA=="
    }
  }
}
